
Microsoft Visual Studio Solution File, Format Version 12.00
# Visual Studio Version 16
VisualStudioVersion = 16.0.29409.12
MinimumVisualStudioVersion = 10.0.40219.1
Project("{9A19103F-16F7-4668-BE54-9A1E7A4F7556}") = "Demo.ApplicationCore", "Demo.ApplicationCore\Demo.ApplicationCore.csproj", "{58900E20-38C5-4545-BFDA-EA09BE55DC27}"
EndProject
Project("{9A19103F-16F7-4668-BE54-9A1E7A4F7556}") = "Demo.Infrastructure", "Demo.Infrastructure\Demo.Infrastructure.csproj", "{A56D9130-C21A-4494-ADF6-FD4A77ADB8B9}"
EndProject
Project("{FAE04EC0-301F-11D3-BF4B-00C04F79EFBC}") = "Demo.Web", "Demo.Web\Demo.Web.csproj", "{C5435655-4B32-4DB3-8010-6B768AA87CD4}"
EndProject
Global
	GlobalSection(SolutionConfigurationPlatforms) = preSolution
		Debug|Any CPU = Debug|Any CPU
		Release|Any CPU = Release|Any CPU
	EndGlobalSection
	GlobalSection(ProjectConfigurationPlatforms) = postSolution
		{58900E20-38C5-4545-BFDA-EA09BE55DC27}.Debug|Any CPU.ActiveCfg = Debug|Any CPU
		{58900E20-38C5-4545-BFDA-EA09BE55DC27}.Debug|Any CPU.Build.0 = Debug|Any CPU
		{58900E20-38C5-4545-BFDA-EA09BE55DC27}.Release|Any CPU.ActiveCfg = Release|Any CPU
		{58900E20-38C5-4545-BFDA-EA09BE55DC27}.Release|Any CPU.Build.0 = Release|Any CPU
		{A56D9130-C21A-4494-ADF6-FD4A77ADB8B9}.Debug|Any CPU.ActiveCfg = Debug|Any CPU
		{A56D9130-C21A-4494-ADF6-FD4A77ADB8B9}.Debug|Any CPU.Build.0 = Debug|Any CPU
		{A56D9130-C21A-4494-ADF6-FD4A77ADB8B9}.Release|Any CPU.ActiveCfg = Release|Any CPU
		{A56D9130-C21A-4494-ADF6-FD4A77ADB8B9}.Release|Any CPU.Build.0 = Release|Any CPU
		{C5435655-4B32-4DB3-8010-6B768AA87CD4}.Debug|Any CPU.ActiveCfg = Debug|Any CPU
		{C5435655-4B32-4DB3-8010-6B768AA87CD4}.Debug|Any CPU.Build.0 = Debug|Any CPU
		{C5435655-4B32-4DB3-8010-6B768AA87CD4}.Release|Any CPU.ActiveCfg = Release|Any CPU
		{C5435655-4B32-4DB3-8010-6B768AA87CD4}.Release|Any CPU.Build.0 = Release|Any CPU
	EndGlobalSection
	GlobalSection(SolutionProperties) = preSolution
		HideSolutionNode = FALSE
	EndGlobalSection
	GlobalSection(ExtensibilityGlobals) = postSolution
		SolutionGuid = {BCE28F32-77DF-4A96-B849-D1D00FD18400}
	EndGlobalSection
EndGlobal
